# THIS IS AN AUTOGENERATED FILE. DO NOT EDIT THIS FILE DIRECTLY.
# yarn lockfile v1


leaflet-control-geocoder@^1.8.2:
  version "1.8.2"
  resolved "https://registry.yarnpkg.com/leaflet-control-geocoder/-/leaflet-control-geocoder-1.8.2.tgz#8a91d66c676d9e2bde2dd6207bb5d7f8ef0cd263"
  integrity sha512-ULqCRm9CTAsY9XEtRgnD50UaQkQV8M8p2pnl789FyrX5aGiHndEc/1VYP/hnthKOKb6ShfWD/l41MbSlr6j86A==
  optionalDependencies:
    open-location-code "^1.0.0"

open-location-code@^1.0.0:
  version "1.0.3"
  resolved "https://registry.yarnpkg.com/open-location-code/-/open-location-code-1.0.3.tgz#5ea1a34ee5221c6cafa04392e1bd906fd7488f7e"
  integrity sha1-XqGjTuUiHGyvoEOS4b2Qb9dIj34=
